
Microsoft Visual Studio Solution File, Format Version 12.00
# Visual Studio 15
VisualStudioVersion = 15.0.28307.421
MinimumVisualStudioVersion = 10.0.40219.1
Project("{FAE04EC0-301F-11D3-BF4B-00C04F79EFBC}") = "BusDepot", "BusDepot\BusDepot.csproj", "{2E4C6427-8142-4524-B7B8-86FB5DD51BEF}"
EndProject
Project("{FAE04EC0-301F-11D3-BF4B-00C04F79EFBC}") = "BusDepot.Tests", "BusDepot.Tests\BusDepot.Tests.csproj", "{328457B9-28D2-413A-875D-720C96D3899C}"
EndProject
Global
	GlobalSection(SolutionConfigurationPlatforms) = preSolution
		Debug|Any CPU = Debug|Any CPU
		Release|Any CPU = Release|Any CPU
	EndGlobalSection
	GlobalSection(ProjectConfigurationPlatforms) = postSolution
		{2E4C6427-8142-4524-B7B8-86FB5DD51BEF}.Debug|Any CPU.ActiveCfg = Debug|Any CPU
		{2E4C6427-8142-4524-B7B8-86FB5DD51BEF}.Debug|Any CPU.Build.0 = Debug|Any CPU
		{2E4C6427-8142-4524-B7B8-86FB5DD51BEF}.Release|Any CPU.ActiveCfg = Release|Any CPU
		{2E4C6427-8142-4524-B7B8-86FB5DD51BEF}.Release|Any CPU.Build.0 = Release|Any CPU
		{328457B9-28D2-413A-875D-720C96D3899C}.Debug|Any CPU.ActiveCfg = Debug|Any CPU
		{328457B9-28D2-413A-875D-720C96D3899C}.Debug|Any CPU.Build.0 = Debug|Any CPU
		{328457B9-28D2-413A-875D-720C96D3899C}.Release|Any CPU.ActiveCfg = Release|Any CPU
		{328457B9-28D2-413A-875D-720C96D3899C}.Release|Any CPU.Build.0 = Release|Any CPU
	EndGlobalSection
	GlobalSection(SolutionProperties) = preSolution
		HideSolutionNode = FALSE
	EndGlobalSection
	GlobalSection(ExtensibilityGlobals) = postSolution
		SolutionGuid = {031237C2-1BAA-43F4-9B06-647BDB81D191}
	EndGlobalSection
EndGlobal
